
Microsoft Visual Studio Solution File, Format Version 12.00
# Visual Studio Version 17
VisualStudioVersion = 17.9.34723.18
MinimumVisualStudioVersion = 10.0.40219.1
Project("{9A19103F-16F7-4668-BE54-9A1E7A4F7556}") = "Courseware.Coach.Bot", "Courseware.Coach.Bot\Courseware.Coach.Bot\Courseware.Coach.Bot.csproj", "{65A6B4C0-0D7C-4677-A965-53EF8FFFFFCE}"
EndProject
Project("{9A19103F-16F7-4668-BE54-9A1E7A4F7556}") = "Courseware.Coach.Bot.Tests", "Courseware.Coach.Bot\Courseware.Coach.Bot.Tests\Courseware.Coach.Bot.Tests.csproj", "{C318129F-B265-40BB-8154-489FCFF5800B}"
EndProject
Project("{9A19103F-16F7-4668-BE54-9A1E7A4F7556}") = "Courseware.Coach.LLM.Core", "Courseware.Coach.LLM.Core\Courseware.Coach.LLM.Core.csproj", "{810E379B-7F87-432E-9B9F-37FF267B262B}"
EndProject
Project("{9A19103F-16F7-4668-BE54-9A1E7A4F7556}") = "Courseware.Coach.LLM", "Courseware.Coach.LLM\Courseware.Coach.LLM.csproj", "{D1CFE5C1-90D3-447C-B2DA-98563AD911AE}"
EndProject
Project("{9A19103F-16F7-4668-BE54-9A1E7A4F7556}") = "Courseware.Coach.Core", "Courseware.Coach.Core\Courseware.Coach.Core.csproj", "{90091A45-9DE6-4202-962E-E31A02E1FBD2}"
EndProject
Project("{9A19103F-16F7-4668-BE54-9A1E7A4F7556}") = "Courseware.Coach.Data.Core", "Courseware.Coach.Data.Core\Courseware.Coach.Data.Core.csproj", "{E3F7C0ED-4B6B-4AB3-8BCA-B568782E5974}"
EndProject
Project("{9A19103F-16F7-4668-BE54-9A1E7A4F7556}") = "Courseware.Coach.Data", "Courseware.Coach.Data\Courseware.Coach.Data.csproj", "{843F6FEE-E415-407D-89C5-68929AE30C9E}"
EndProject
Project("{9A19103F-16F7-4668-BE54-9A1E7A4F7556}") = "Courseware.Coach.Web", "Courseware.Coach.Web\Courseware.Coach.Web.csproj", "{F310B5B3-9E21-4A6E-9E28-569B5454C347}"
EndProject
Project("{9A19103F-16F7-4668-BE54-9A1E7A4F7556}") = "Courseware.Coach.ViewModels", "Courseware.Coach.ViewModels\Courseware.Coach.ViewModels.csproj", "{7CC48421-BB5E-4E1B-BA91-BF429A8E19AC}"
EndProject
Project("{9A19103F-16F7-4668-BE54-9A1E7A4F7556}") = "Courseware.Coach.Subscriptions.Core", "Courseware.Coach.Subscriptions.Core\Courseware.Coach.Subscriptions.Core.csproj", "{4C7C70D8-1D52-450F-AC79-9B9D887D095D}"
EndProject
Project("{9A19103F-16F7-4668-BE54-9A1E7A4F7556}") = "Courseware.Coach.Subscriptions", "Courseware.Coach.Subscriptions\Courseware.Coach.Subscriptions.csproj", "{E191DD40-7EEE-439C-97F6-86CB547FC483}"
EndProject
Project("{9A19103F-16F7-4668-BE54-9A1E7A4F7556}") = "Courseware.Coach.Business.Core", "Courseware.Coach.Business.Core\Courseware.Coach.Business.Core.csproj", "{EE5796F7-FDE3-4E5B-ACE5-23F4FB873C23}"
EndProject
Project("{9A19103F-16F7-4668-BE54-9A1E7A4F7556}") = "Courseware.Coach.Business", "Courseware.Coach.Business\Courseware.Coach.Business.csproj", "{93552AB3-4B14-4A49-9119-DCC989974CCD}"
EndProject
Project("{FAE04EC0-301F-11D3-BF4B-00C04F79EFBC}") = "Courseware.Coach.Storage.Core", "Courseware.Coach.Storage.Core\Courseware.Coach.Storage.Core.csproj", "{E41C4268-CA1C-4D83-A304-346AD1D87571}"
EndProject
Project("{FAE04EC0-301F-11D3-BF4B-00C04F79EFBC}") = "Courseware.Coach.Storage", "Courseware.Coach.Storage\Courseware.Coach.Storage.csproj", "{F49A1671-0EC1-4EAF-97C1-7D19FC1AA65B}"
EndProject
Global
	GlobalSection(SolutionConfigurationPlatforms) = preSolution
		Debug|Any CPU = Debug|Any CPU
		Release|Any CPU = Release|Any CPU
	EndGlobalSection
	GlobalSection(ProjectConfigurationPlatforms) = postSolution
		{65A6B4C0-0D7C-4677-A965-53EF8FFFFFCE}.Debug|Any CPU.ActiveCfg = Debug|Any CPU
		{65A6B4C0-0D7C-4677-A965-53EF8FFFFFCE}.Debug|Any CPU.Build.0 = Debug|Any CPU
		{65A6B4C0-0D7C-4677-A965-53EF8FFFFFCE}.Release|Any CPU.ActiveCfg = Release|Any CPU
		{65A6B4C0-0D7C-4677-A965-53EF8FFFFFCE}.Release|Any CPU.Build.0 = Release|Any CPU
		{C318129F-B265-40BB-8154-489FCFF5800B}.Debug|Any CPU.ActiveCfg = Debug|Any CPU
		{C318129F-B265-40BB-8154-489FCFF5800B}.Debug|Any CPU.Build.0 = Debug|Any CPU
		{C318129F-B265-40BB-8154-489FCFF5800B}.Release|Any CPU.ActiveCfg = Release|Any CPU
		{C318129F-B265-40BB-8154-489FCFF5800B}.Release|Any CPU.Build.0 = Release|Any CPU
		{810E379B-7F87-432E-9B9F-37FF267B262B}.Debug|Any CPU.ActiveCfg = Debug|Any CPU
		{810E379B-7F87-432E-9B9F-37FF267B262B}.Debug|Any CPU.Build.0 = Debug|Any CPU
		{810E379B-7F87-432E-9B9F-37FF267B262B}.Release|Any CPU.ActiveCfg = Release|Any CPU
		{810E379B-7F87-432E-9B9F-37FF267B262B}.Release|Any CPU.Build.0 = Release|Any CPU
		{D1CFE5C1-90D3-447C-B2DA-98563AD911AE}.Debug|Any CPU.ActiveCfg = Debug|Any CPU
		{D1CFE5C1-90D3-447C-B2DA-98563AD911AE}.Debug|Any CPU.Build.0 = Debug|Any CPU
		{D1CFE5C1-90D3-447C-B2DA-98563AD911AE}.Release|Any CPU.ActiveCfg = Release|Any CPU
		{D1CFE5C1-90D3-447C-B2DA-98563AD911AE}.Release|Any CPU.Build.0 = Release|Any CPU
		{90091A45-9DE6-4202-962E-E31A02E1FBD2}.Debug|Any CPU.ActiveCfg = Debug|Any CPU
		{90091A45-9DE6-4202-962E-E31A02E1FBD2}.Debug|Any CPU.Build.0 = Debug|Any CPU
		{90091A45-9DE6-4202-962E-E31A02E1FBD2}.Release|Any CPU.ActiveCfg = Release|Any CPU
		{90091A45-9DE6-4202-962E-E31A02E1FBD2}.Release|Any CPU.Build.0 = Release|Any CPU
		{E3F7C0ED-4B6B-4AB3-8BCA-B568782E5974}.Debug|Any CPU.ActiveCfg = Debug|Any CPU
		{E3F7C0ED-4B6B-4AB3-8BCA-B568782E5974}.Debug|Any CPU.Build.0 = Debug|Any CPU
		{E3F7C0ED-4B6B-4AB3-8BCA-B568782E5974}.Release|Any CPU.ActiveCfg = Release|Any CPU
		{E3F7C0ED-4B6B-4AB3-8BCA-B568782E5974}.Release|Any CPU.Build.0 = Release|Any CPU
		{843F6FEE-E415-407D-89C5-68929AE30C9E}.Debug|Any CPU.ActiveCfg = Debug|Any CPU
		{843F6FEE-E415-407D-89C5-68929AE30C9E}.Debug|Any CPU.Build.0 = Debug|Any CPU
		{843F6FEE-E415-407D-89C5-68929AE30C9E}.Release|Any CPU.ActiveCfg = Release|Any CPU
		{843F6FEE-E415-407D-89C5-68929AE30C9E}.Release|Any CPU.Build.0 = Release|Any CPU
		{F310B5B3-9E21-4A6E-9E28-569B5454C347}.Debug|Any CPU.ActiveCfg = Debug|Any CPU
		{F310B5B3-9E21-4A6E-9E28-569B5454C347}.Debug|Any CPU.Build.0 = Debug|Any CPU
		{F310B5B3-9E21-4A6E-9E28-569B5454C347}.Release|Any CPU.ActiveCfg = Release|Any CPU
		{F310B5B3-9E21-4A6E-9E28-569B5454C347}.Release|Any CPU.Build.0 = Release|Any CPU
		{7CC48421-BB5E-4E1B-BA91-BF429A8E19AC}.Debug|Any CPU.ActiveCfg = Debug|Any CPU
		{7CC48421-BB5E-4E1B-BA91-BF429A8E19AC}.Debug|Any CPU.Build.0 = Debug|Any CPU
		{7CC48421-BB5E-4E1B-BA91-BF429A8E19AC}.Release|Any CPU.ActiveCfg = Release|Any CPU
		{7CC48421-BB5E-4E1B-BA91-BF429A8E19AC}.Release|Any CPU.Build.0 = Release|Any CPU
		{4C7C70D8-1D52-450F-AC79-9B9D887D095D}.Debug|Any CPU.ActiveCfg = Debug|Any CPU
		{4C7C70D8-1D52-450F-AC79-9B9D887D095D}.Debug|Any CPU.Build.0 = Debug|Any CPU
		{4C7C70D8-1D52-450F-AC79-9B9D887D095D}.Release|Any CPU.ActiveCfg = Release|Any CPU
		{4C7C70D8-1D52-450F-AC79-9B9D887D095D}.Release|Any CPU.Build.0 = Release|Any CPU
		{E191DD40-7EEE-439C-97F6-86CB547FC483}.Debug|Any CPU.ActiveCfg = Debug|Any CPU
		{E191DD40-7EEE-439C-97F6-86CB547FC483}.Debug|Any CPU.Build.0 = Debug|Any CPU
		{E191DD40-7EEE-439C-97F6-86CB547FC483}.Release|Any CPU.ActiveCfg = Release|Any CPU
		{E191DD40-7EEE-439C-97F6-86CB547FC483}.Release|Any CPU.Build.0 = Release|Any CPU
		{EE5796F7-FDE3-4E5B-ACE5-23F4FB873C23}.Debug|Any CPU.ActiveCfg = Debug|Any CPU
		{EE5796F7-FDE3-4E5B-ACE5-23F4FB873C23}.Debug|Any CPU.Build.0 = Debug|Any CPU
		{EE5796F7-FDE3-4E5B-ACE5-23F4FB873C23}.Release|Any CPU.ActiveCfg = Release|Any CPU
		{EE5796F7-FDE3-4E5B-ACE5-23F4FB873C23}.Release|Any CPU.Build.0 = Release|Any CPU
		{93552AB3-4B14-4A49-9119-DCC989974CCD}.Debug|Any CPU.ActiveCfg = Debug|Any CPU
		{93552AB3-4B14-4A49-9119-DCC989974CCD}.Debug|Any CPU.Build.0 = Debug|Any CPU
		{93552AB3-4B14-4A49-9119-DCC989974CCD}.Release|Any CPU.ActiveCfg = Release|Any CPU
		{93552AB3-4B14-4A49-9119-DCC989974CCD}.Release|Any CPU.Build.0 = Release|Any CPU
		{E41C4268-CA1C-4D83-A304-346AD1D87571}.Debug|Any CPU.ActiveCfg = Debug|Any CPU
		{E41C4268-CA1C-4D83-A304-346AD1D87571}.Debug|Any CPU.Build.0 = Debug|Any CPU
		{E41C4268-CA1C-4D83-A304-346AD1D87571}.Release|Any CPU.ActiveCfg = Release|Any CPU
		{E41C4268-CA1C-4D83-A304-346AD1D87571}.Release|Any CPU.Build.0 = Release|Any CPU
		{F49A1671-0EC1-4EAF-97C1-7D19FC1AA65B}.Debug|Any CPU.ActiveCfg = Debug|Any CPU
		{F49A1671-0EC1-4EAF-97C1-7D19FC1AA65B}.Debug|Any CPU.Build.0 = Debug|Any CPU
		{F49A1671-0EC1-4EAF-97C1-7D19FC1AA65B}.Release|Any CPU.ActiveCfg = Release|Any CPU
		{F49A1671-0EC1-4EAF-97C1-7D19FC1AA65B}.Release|Any CPU.Build.0 = Release|Any CPU
	EndGlobalSection
	GlobalSection(SolutionProperties) = preSolution
		HideSolutionNode = FALSE
	EndGlobalSection
	GlobalSection(ExtensibilityGlobals) = postSolution
		SolutionGuid = {D5C37E37-761E-438C-AF30-C9CD208FEB43}
	EndGlobalSection
EndGlobal
